
Microsoft Visual Studio Solution File, Format Version 12.00
# Visual Studio Version 16
VisualStudioVersion = 16.0.30002.166
MinimumVisualStudioVersion = 10.0.40219.1
Project("{FAE04EC0-301F-11D3-BF4B-00C04F79EFBC}") = "org.m-a-b.soundcraftui", "SoundCraftUIStreamDeck\org.m-a-b.soundcraftui.csproj", "{4635D874-69C0-4010-BE46-77EF92EB1553}"
EndProject
Project("{FAE04EC0-301F-11D3-BF4B-00C04F79EFBC}") = "UIsocket", "UIsocket\UIsocket.csproj", "{796A8E4C-61C5-497F-B345-F515A9AECD29}"
EndProject
Project("{FAE04EC0-301F-11D3-BF4B-00C04F79EFBC}") = "TestUI", "TestUI\TestUI.csproj", "{8E324394-77C0-4824-BA8F-E4346592D6D8}"
EndProject
Global
	GlobalSection(SolutionConfigurationPlatforms) = preSolution
		Debug|Any CPU = Debug|Any CPU
		Release|Any CPU = Release|Any CPU
	EndGlobalSection
	GlobalSection(ProjectConfigurationPlatforms) = postSolution
		{4635D874-69C0-4010-BE46-77EF92EB1553}.Debug|Any CPU.ActiveCfg = Debug|Any CPU
		{4635D874-69C0-4010-BE46-77EF92EB1553}.Debug|Any CPU.Build.0 = Debug|Any CPU
		{4635D874-69C0-4010-BE46-77EF92EB1553}.Release|Any CPU.ActiveCfg = Release|Any CPU
		{4635D874-69C0-4010-BE46-77EF92EB1553}.Release|Any CPU.Build.0 = Release|Any CPU
		{796A8E4C-61C5-497F-B345-F515A9AECD29}.Debug|Any CPU.ActiveCfg = Debug|Any CPU
		{796A8E4C-61C5-497F-B345-F515A9AECD29}.Debug|Any CPU.Build.0 = Debug|Any CPU
		{796A8E4C-61C5-497F-B345-F515A9AECD29}.Release|Any CPU.ActiveCfg = Release|Any CPU
		{796A8E4C-61C5-497F-B345-F515A9AECD29}.Release|Any CPU.Build.0 = Release|Any CPU
		{8E324394-77C0-4824-BA8F-E4346592D6D8}.Debug|Any CPU.ActiveCfg = Debug|Any CPU
		{8E324394-77C0-4824-BA8F-E4346592D6D8}.Debug|Any CPU.Build.0 = Debug|Any CPU
		{8E324394-77C0-4824-BA8F-E4346592D6D8}.Release|Any CPU.ActiveCfg = Release|Any CPU
		{8E324394-77C0-4824-BA8F-E4346592D6D8}.Release|Any CPU.Build.0 = Release|Any CPU
	EndGlobalSection
	GlobalSection(SolutionProperties) = preSolution
		HideSolutionNode = FALSE
	EndGlobalSection
	GlobalSection(ExtensibilityGlobals) = postSolution
		SolutionGuid = {BC0F58E5-9F59-4450-9122-D7527DDBB092}
	EndGlobalSection
EndGlobal
